{
  "name": "latest-news",
  "lockfileVersion": 2,
  "requires": true,
  "packages": {
    "": {
      "dependencies": {
        "fast-xml-parser": "^5.3.8"
      }
    },
    "node_modules/fast-xml-parser": {
      "version": "5.3.8",
      "resolved": "https://registry.npmjs.org/fast-xml-parser/-/fast-xml-parser-5.3.8.tgz",
      "integrity": "sha512-53jIF4N6u/pxvaL1eb/hEZts/cFLWZ92eCfLrNyCI0k38lettCG/Bs40W9pPwoPXyHQlKu2OUbQtiEIZK/J6Vw==",
      "funding": [
        {
          "type": "github",
          "url": "https://github.com/sponsors/NaturalIntelligence"
        }
      ],
      "dependencies": {
        "strnum": "^2.1.2"
      },
      "bin": {
        "fxparser": "src/cli/cli.js"
      }
    },
    "node_modules/strnum": {
      "version": "2.2.0",
      "resolved": "https://registry.npmjs.org/strnum/-/strnum-2.2.0.tgz",
      "integrity": "sha512-Y7Bj8XyJxnPAORMZj/xltsfo55uOiyHcU2tnAVzHUnSJR/KsEX+9RoDeXEnsXtl/CX4fAcrt64gZ13aGaWPeBg==",
      "funding": [
        {
          "type": "github",
          "url": "https://github.com/sponsors/NaturalIntelligence"
        }
      ]
    }
  },
  "dependencies": {
    "fast-xml-parser": {
      "version": "5.3.8",
      "resolved": "https://registry.npmjs.org/fast-xml-parser/-/fast-xml-parser-5.3.8.tgz",
      "integrity": "sha512-53jIF4N6u/pxvaL1eb/hEZts/cFLWZ92eCfLrNyCI0k38lettCG/Bs40W9pPwoPXyHQlKu2OUbQtiEIZK/J6Vw==",
      "requires": {
        "strnum": "^2.1.2"
      }
    },
    "strnum": {
      "version": "2.2.0",
      "resolved": "https://registry.npmjs.org/strnum/-/strnum-2.2.0.tgz",
      "integrity": "sha512-Y7Bj8XyJxnPAORMZj/xltsfo55uOiyHcU2tnAVzHUnSJR/KsEX+9RoDeXEnsXtl/CX4fAcrt64gZ13aGaWPeBg=="
    }
  }
}
