{
  "name": "latest-news",
  "lockfileVersion": 2,
  "requires": true,
  "packages": {
    "": {
      "dependencies": {
        "fast-xml-parser": "^5.3.6"
      }
    },
    "node_modules/fast-xml-parser": {
      "version": "5.3.6",
      "resolved": "https://registry.npmjs.org/fast-xml-parser/-/fast-xml-parser-5.3.6.tgz",
      "integrity": "sha512-QNI3sAvSvaOiaMl8FYU4trnEzCwiRr8XMWgAHzlrWpTSj+QaCSvOf1h82OEP1s4hiAXhnbXSyFWCf4ldZzZRVA==",
      "funding": [
        {
          "type": "github",
          "url": "https://github.com/sponsors/NaturalIntelligence"
        }
      ],
      "dependencies": {
        "strnum": "^2.1.2"
      },
      "bin": {
        "fxparser": "src/cli/cli.js"
      }
    },
    "node_modules/strnum": {
      "version": "2.1.2",
      "resolved": "https://registry.npmjs.org/strnum/-/strnum-2.1.2.tgz",
      "integrity": "sha512-l63NF9y/cLROq/yqKXSLtcMeeyOfnSQlfMSlzFt/K73oIaD8DGaQWd7Z34X9GPiKqP5rbSh84Hl4bOlLcjiSrQ==",
      "funding": [
        {
          "type": "github",
          "url": "https://github.com/sponsors/NaturalIntelligence"
        }
      ]
    }
  },
  "dependencies": {
    "fast-xml-parser": {
      "version": "5.3.6",
      "resolved": "https://registry.npmjs.org/fast-xml-parser/-/fast-xml-parser-5.3.6.tgz",
      "integrity": "sha512-QNI3sAvSvaOiaMl8FYU4trnEzCwiRr8XMWgAHzlrWpTSj+QaCSvOf1h82OEP1s4hiAXhnbXSyFWCf4ldZzZRVA==",
      "requires": {
        "strnum": "^2.1.2"
      }
    },
    "strnum": {
      "version": "2.1.2",
      "resolved": "https://registry.npmjs.org/strnum/-/strnum-2.1.2.tgz",
      "integrity": "sha512-l63NF9y/cLROq/yqKXSLtcMeeyOfnSQlfMSlzFt/K73oIaD8DGaQWd7Z34X9GPiKqP5rbSh84Hl4bOlLcjiSrQ=="
    }
  }
}
